
Microsoft Visual Studio Solution File, Format Version 12.00
# Visual Studio Version 16
VisualStudioVersion = 16.0.808.0
MinimumVisualStudioVersion = 10.0.40219.1
Project("{FAE04EC0-301F-11D3-BF4B-00C04F79EFBC}") = "VisualStateManagerDemo.Android", "VisualStateManagerDemo.Android\VisualStateManagerDemo.Android.csproj", "{52438A30-3396-4E0E-B2C5-6F246B011887}"
EndProject
Project("{FAE04EC0-301F-11D3-BF4B-00C04F79EFBC}") = "VisualStateManagerDemo", "VisualStateManagerDemo\VisualStateManagerDemo.csproj", "{BBD23DFD-4CD9-45F9-8859-419B7037DA89}"
EndProject
Global
	GlobalSection(SolutionConfigurationPlatforms) = preSolution
		Debug|Any CPU = Debug|Any CPU
		Release|Any CPU = Release|Any CPU
	EndGlobalSection
	GlobalSection(ProjectConfigurationPlatforms) = postSolution
		{52438A30-3396-4E0E-B2C5-6F246B011887}.Debug|Any CPU.ActiveCfg = Debug|Any CPU
		{52438A30-3396-4E0E-B2C5-6F246B011887}.Debug|Any CPU.Build.0 = Debug|Any CPU
		{52438A30-3396-4E0E-B2C5-6F246B011887}.Release|Any CPU.ActiveCfg = Release|Any CPU
		{52438A30-3396-4E0E-B2C5-6F246B011887}.Release|Any CPU.Build.0 = Release|Any CPU
		{BBD23DFD-4CD9-45F9-8859-419B7037DA89}.Debug|Any CPU.ActiveCfg = Debug|Any CPU
		{BBD23DFD-4CD9-45F9-8859-419B7037DA89}.Debug|Any CPU.Build.0 = Debug|Any CPU
		{BBD23DFD-4CD9-45F9-8859-419B7037DA89}.Release|Any CPU.ActiveCfg = Release|Any CPU
		{BBD23DFD-4CD9-45F9-8859-419B7037DA89}.Release|Any CPU.Build.0 = Release|Any CPU
	EndGlobalSection
	GlobalSection(SolutionProperties) = preSolution
		HideSolutionNode = FALSE
	EndGlobalSection
	GlobalSection(ExtensibilityGlobals) = postSolution
		SolutionGuid = {B1D552FF-9098-4D39-B65C-5E7E1E87BF80}
	EndGlobalSection
EndGlobal
